
Microsoft Visual Studio Solution File, Format Version 12.00
# Visual Studio Version 17
VisualStudioVersion = 17.11.35208.52
MinimumVisualStudioVersion = 10.0.40219.1
Project("{2150E333-8FDC-42A3-9474-1A3956D46DE8}") = "Services", "Services", "{A49413D9-AA21-4542-9A58-B5640CD72A8E}"
EndProject
Project("{2150E333-8FDC-42A3-9474-1A3956D46DE8}") = "Catalog", "Catalog", "{297B3D0C-65E8-4286-9D2E-8F73AA22DA15}"
EndProject
Project("{9A19103F-16F7-4668-BE54-9A1E7A4F7556}") = "Catalog-API", "Services\Catalog\Catalog-API\Catalog-API.csproj", "{6850B2F7-86BC-42B4-900B-BEEE3183C470}"
EndProject
Project("{E53339B2-1760-4266-BCC7-CA923CBCF16C}") = "docker-compose", "docker-compose.dcproj", "{D69C73B1-8360-4315-8C5B-3B58B5560265}"
EndProject
Project("{9A19103F-16F7-4668-BE54-9A1E7A4F7556}") = "BuildingBlocks", "BuildingBlocks\BuildingBlocks\BuildingBlocks.csproj", "{D4EBDEDF-BE8F-4A83-9E26-96FED1EF2C7D}"
EndProject
Project("{2150E333-8FDC-42A3-9474-1A3956D46DE8}") = "Basket", "Basket", "{5B061713-3C99-4BCE-B07E-7E47E95E8DB6}"
EndProject
Project("{9A19103F-16F7-4668-BE54-9A1E7A4F7556}") = "Basket-Api", "Services\Basket\Basket-Api\Basket-Api.csproj", "{408ABD65-3F9E-436A-99BF-9A93DD18DF0D}"
EndProject
Project("{2150E333-8FDC-42A3-9474-1A3956D46DE8}") = "Discount", "Discount", "{D57FF4D0-8C4D-4BE5-8F48-1388277D24B3}"
EndProject
Project("{9A19103F-16F7-4668-BE54-9A1E7A4F7556}") = "Discount.Grpc", "Services\Discount\Discount.Grpc\Discount.Grpc.csproj", "{BD1D71CB-F861-43D9-B5EB-18785EB9B787}"
EndProject
Global
	GlobalSection(SolutionConfigurationPlatforms) = preSolution
		Debug|Any CPU = Debug|Any CPU
		Release|Any CPU = Release|Any CPU
	EndGlobalSection
	GlobalSection(ProjectConfigurationPlatforms) = postSolution
		{6850B2F7-86BC-42B4-900B-BEEE3183C470}.Debug|Any CPU.ActiveCfg = Debug|Any CPU
		{6850B2F7-86BC-42B4-900B-BEEE3183C470}.Debug|Any CPU.Build.0 = Debug|Any CPU
		{6850B2F7-86BC-42B4-900B-BEEE3183C470}.Release|Any CPU.ActiveCfg = Release|Any CPU
		{6850B2F7-86BC-42B4-900B-BEEE3183C470}.Release|Any CPU.Build.0 = Release|Any CPU
		{D69C73B1-8360-4315-8C5B-3B58B5560265}.Debug|Any CPU.ActiveCfg = Debug|Any CPU
		{D69C73B1-8360-4315-8C5B-3B58B5560265}.Debug|Any CPU.Build.0 = Debug|Any CPU
		{D69C73B1-8360-4315-8C5B-3B58B5560265}.Release|Any CPU.ActiveCfg = Release|Any CPU
		{D69C73B1-8360-4315-8C5B-3B58B5560265}.Release|Any CPU.Build.0 = Release|Any CPU
		{D4EBDEDF-BE8F-4A83-9E26-96FED1EF2C7D}.Debug|Any CPU.ActiveCfg = Debug|Any CPU
		{D4EBDEDF-BE8F-4A83-9E26-96FED1EF2C7D}.Debug|Any CPU.Build.0 = Debug|Any CPU
		{D4EBDEDF-BE8F-4A83-9E26-96FED1EF2C7D}.Release|Any CPU.ActiveCfg = Release|Any CPU
		{D4EBDEDF-BE8F-4A83-9E26-96FED1EF2C7D}.Release|Any CPU.Build.0 = Release|Any CPU
		{408ABD65-3F9E-436A-99BF-9A93DD18DF0D}.Debug|Any CPU.ActiveCfg = Debug|Any CPU
		{408ABD65-3F9E-436A-99BF-9A93DD18DF0D}.Debug|Any CPU.Build.0 = Debug|Any CPU
		{408ABD65-3F9E-436A-99BF-9A93DD18DF0D}.Release|Any CPU.ActiveCfg = Release|Any CPU
		{408ABD65-3F9E-436A-99BF-9A93DD18DF0D}.Release|Any CPU.Build.0 = Release|Any CPU
		{BD1D71CB-F861-43D9-B5EB-18785EB9B787}.Debug|Any CPU.ActiveCfg = Debug|Any CPU
		{BD1D71CB-F861-43D9-B5EB-18785EB9B787}.Debug|Any CPU.Build.0 = Debug|Any CPU
		{BD1D71CB-F861-43D9-B5EB-18785EB9B787}.Release|Any CPU.ActiveCfg = Release|Any CPU
		{BD1D71CB-F861-43D9-B5EB-18785EB9B787}.Release|Any CPU.Build.0 = Release|Any CPU
	EndGlobalSection
	GlobalSection(SolutionProperties) = preSolution
		HideSolutionNode = FALSE
	EndGlobalSection
	GlobalSection(NestedProjects) = preSolution
		{297B3D0C-65E8-4286-9D2E-8F73AA22DA15} = {A49413D9-AA21-4542-9A58-B5640CD72A8E}
		{6850B2F7-86BC-42B4-900B-BEEE3183C470} = {297B3D0C-65E8-4286-9D2E-8F73AA22DA15}
		{5B061713-3C99-4BCE-B07E-7E47E95E8DB6} = {A49413D9-AA21-4542-9A58-B5640CD72A8E}
		{408ABD65-3F9E-436A-99BF-9A93DD18DF0D} = {5B061713-3C99-4BCE-B07E-7E47E95E8DB6}
		{D57FF4D0-8C4D-4BE5-8F48-1388277D24B3} = {A49413D9-AA21-4542-9A58-B5640CD72A8E}
		{BD1D71CB-F861-43D9-B5EB-18785EB9B787} = {D57FF4D0-8C4D-4BE5-8F48-1388277D24B3}
	EndGlobalSection
	GlobalSection(ExtensibilityGlobals) = postSolution
		SolutionGuid = {4DA69F04-409F-430A-8AB7-A2B1432D4056}
	EndGlobalSection
EndGlobal
