
Microsoft Visual Studio Solution File, Format Version 12.00
# Visual Studio Version 17
VisualStudioVersion = 17.11.35208.52
MinimumVisualStudioVersion = 10.0.40219.1
Project("{2150E333-8FDC-42A3-9474-1A3956D46DE8}") = "Services", "Services", "{A49413D9-AA21-4542-9A58-B5640CD72A8E}"
EndProject
Project("{2150E333-8FDC-42A3-9474-1A3956D46DE8}") = "Catalog", "Catalog", "{297B3D0C-65E8-4286-9D2E-8F73AA22DA15}"
EndProject
Project("{9A19103F-16F7-4668-BE54-9A1E7A4F7556}") = "Catalog-API", "Services\Catalog\Catalog-API\Catalog-API.csproj", "{6850B2F7-86BC-42B4-900B-BEEE3183C470}"
EndProject
Project("{E53339B2-1760-4266-BCC7-CA923CBCF16C}") = "docker-compose", "docker-compose.dcproj", "{D69C73B1-8360-4315-8C5B-3B58B5560265}"
EndProject
Project("{9A19103F-16F7-4668-BE54-9A1E7A4F7556}") = "BuildingBlocks", "BuildingBlocks\BuildingBlocks\BuildingBlocks.csproj", "{D4EBDEDF-BE8F-4A83-9E26-96FED1EF2C7D}"
EndProject
Project("{2150E333-8FDC-42A3-9474-1A3956D46DE8}") = "Basket", "Basket", "{5B061713-3C99-4BCE-B07E-7E47E95E8DB6}"
EndProject
Project("{9A19103F-16F7-4668-BE54-9A1E7A4F7556}") = "Basket-Api", "Services\Basket\Basket-Api\Basket-Api.csproj", "{408ABD65-3F9E-436A-99BF-9A93DD18DF0D}"
EndProject
Project("{2150E333-8FDC-42A3-9474-1A3956D46DE8}") = "Discount", "Discount", "{D57FF4D0-8C4D-4BE5-8F48-1388277D24B3}"
EndProject
Project("{9A19103F-16F7-4668-BE54-9A1E7A4F7556}") = "Discount.Grpc", "Services\Discount\Discount.Grpc\Discount.Grpc.csproj", "{BD1D71CB-F861-43D9-B5EB-18785EB9B787}"
EndProject
Project("{2150E333-8FDC-42A3-9474-1A3956D46DE8}") = "Ordering", "Ordering", "{402E38CE-DFA4-4497-8BD8-8020A2F10258}"
EndProject
Project("{9A19103F-16F7-4668-BE54-9A1E7A4F7556}") = "Ordering.API", "Services\Ordering\Ordering.API\Ordering.API.csproj", "{D7BFEC77-A327-42FB-B923-D29998FA95D3}"
EndProject
Project("{FAE04EC0-301F-11D3-BF4B-00C04F79EFBC}") = "Ordering.Domain", "Services\Ordering\Ordering.Domain\Ordering.Domain.csproj", "{03C83B27-A270-467B-8B9E-1C04B545563F}"
EndProject
Project("{FAE04EC0-301F-11D3-BF4B-00C04F79EFBC}") = "Ordering.Application", "Services\Ordering\Ordering.Application\Ordering.Application.csproj", "{40597518-3850-4116-B8D9-40F485345B02}"
EndProject
Project("{FAE04EC0-301F-11D3-BF4B-00C04F79EFBC}") = "Ordering.Infrastructure", "Services\Ordering\Ordering.Infrastructure\Ordering.Infrastructure.csproj", "{DB82A0E2-CF46-4BFB-A7ED-E7A5D94D932E}"
EndProject
Project("{FAE04EC0-301F-11D3-BF4B-00C04F79EFBC}") = "BuildingBlocks.Messaging", "BuildingBlocks.Messaging\BuildingBlocks.Messaging.csproj", "{384EC43C-8D81-4BB0-92B4-924C07B46C5D}"
EndProject
Project("{2150E333-8FDC-42A3-9474-1A3956D46DE8}") = "ApiGateways", "ApiGateways", "{46810172-DA86-435E-9C0D-275EA97AA269}"
EndProject
Project("{FAE04EC0-301F-11D3-BF4B-00C04F79EFBC}") = "YarpApiGateway", "ApiGateways\YarpApiGateway\YarpApiGateway.csproj", "{929B24B7-8EF4-4BCE-8A22-2E53DEC5EA8D}"
EndProject
Project("{2150E333-8FDC-42A3-9474-1A3956D46DE8}") = "Auth", "Auth", "{CFB927C8-C13E-4E6D-92E9-CA3D9C842398}"
EndProject
Project("{FAE04EC0-301F-11D3-BF4B-00C04F79EFBC}") = "Auth.API", "Services\Auth.API\Auth.API.csproj", "{C4BCF6B3-F764-426C-A457-A241B0ACB951}"
EndProject
Global
	GlobalSection(SolutionConfigurationPlatforms) = preSolution
		Debug|Any CPU = Debug|Any CPU
		Release|Any CPU = Release|Any CPU
	EndGlobalSection
	GlobalSection(ProjectConfigurationPlatforms) = postSolution
		{6850B2F7-86BC-42B4-900B-BEEE3183C470}.Debug|Any CPU.ActiveCfg = Debug|Any CPU
		{6850B2F7-86BC-42B4-900B-BEEE3183C470}.Debug|Any CPU.Build.0 = Debug|Any CPU
		{6850B2F7-86BC-42B4-900B-BEEE3183C470}.Release|Any CPU.ActiveCfg = Release|Any CPU
		{6850B2F7-86BC-42B4-900B-BEEE3183C470}.Release|Any CPU.Build.0 = Release|Any CPU
		{D69C73B1-8360-4315-8C5B-3B58B5560265}.Debug|Any CPU.ActiveCfg = Debug|Any CPU
		{D69C73B1-8360-4315-8C5B-3B58B5560265}.Debug|Any CPU.Build.0 = Debug|Any CPU
		{D69C73B1-8360-4315-8C5B-3B58B5560265}.Release|Any CPU.ActiveCfg = Release|Any CPU
		{D69C73B1-8360-4315-8C5B-3B58B5560265}.Release|Any CPU.Build.0 = Release|Any CPU
		{D4EBDEDF-BE8F-4A83-9E26-96FED1EF2C7D}.Debug|Any CPU.ActiveCfg = Debug|Any CPU
		{D4EBDEDF-BE8F-4A83-9E26-96FED1EF2C7D}.Debug|Any CPU.Build.0 = Debug|Any CPU
		{D4EBDEDF-BE8F-4A83-9E26-96FED1EF2C7D}.Release|Any CPU.ActiveCfg = Release|Any CPU
		{D4EBDEDF-BE8F-4A83-9E26-96FED1EF2C7D}.Release|Any CPU.Build.0 = Release|Any CPU
		{408ABD65-3F9E-436A-99BF-9A93DD18DF0D}.Debug|Any CPU.ActiveCfg = Debug|Any CPU
		{408ABD65-3F9E-436A-99BF-9A93DD18DF0D}.Debug|Any CPU.Build.0 = Debug|Any CPU
		{408ABD65-3F9E-436A-99BF-9A93DD18DF0D}.Release|Any CPU.ActiveCfg = Release|Any CPU
		{408ABD65-3F9E-436A-99BF-9A93DD18DF0D}.Release|Any CPU.Build.0 = Release|Any CPU
		{BD1D71CB-F861-43D9-B5EB-18785EB9B787}.Debug|Any CPU.ActiveCfg = Debug|Any CPU
		{BD1D71CB-F861-43D9-B5EB-18785EB9B787}.Debug|Any CPU.Build.0 = Debug|Any CPU
		{BD1D71CB-F861-43D9-B5EB-18785EB9B787}.Release|Any CPU.ActiveCfg = Release|Any CPU
		{BD1D71CB-F861-43D9-B5EB-18785EB9B787}.Release|Any CPU.Build.0 = Release|Any CPU
		{D7BFEC77-A327-42FB-B923-D29998FA95D3}.Debug|Any CPU.ActiveCfg = Debug|Any CPU
		{D7BFEC77-A327-42FB-B923-D29998FA95D3}.Debug|Any CPU.Build.0 = Debug|Any CPU
		{D7BFEC77-A327-42FB-B923-D29998FA95D3}.Release|Any CPU.ActiveCfg = Release|Any CPU
		{D7BFEC77-A327-42FB-B923-D29998FA95D3}.Release|Any CPU.Build.0 = Release|Any CPU
		{03C83B27-A270-467B-8B9E-1C04B545563F}.Debug|Any CPU.ActiveCfg = Debug|Any CPU
		{03C83B27-A270-467B-8B9E-1C04B545563F}.Debug|Any CPU.Build.0 = Debug|Any CPU
		{03C83B27-A270-467B-8B9E-1C04B545563F}.Release|Any CPU.ActiveCfg = Release|Any CPU
		{03C83B27-A270-467B-8B9E-1C04B545563F}.Release|Any CPU.Build.0 = Release|Any CPU
		{40597518-3850-4116-B8D9-40F485345B02}.Debug|Any CPU.ActiveCfg = Debug|Any CPU
		{40597518-3850-4116-B8D9-40F485345B02}.Debug|Any CPU.Build.0 = Debug|Any CPU
		{40597518-3850-4116-B8D9-40F485345B02}.Release|Any CPU.ActiveCfg = Release|Any CPU
		{40597518-3850-4116-B8D9-40F485345B02}.Release|Any CPU.Build.0 = Release|Any CPU
		{DB82A0E2-CF46-4BFB-A7ED-E7A5D94D932E}.Debug|Any CPU.ActiveCfg = Debug|Any CPU
		{DB82A0E2-CF46-4BFB-A7ED-E7A5D94D932E}.Debug|Any CPU.Build.0 = Debug|Any CPU
		{DB82A0E2-CF46-4BFB-A7ED-E7A5D94D932E}.Release|Any CPU.ActiveCfg = Release|Any CPU
		{DB82A0E2-CF46-4BFB-A7ED-E7A5D94D932E}.Release|Any CPU.Build.0 = Release|Any CPU
		{384EC43C-8D81-4BB0-92B4-924C07B46C5D}.Debug|Any CPU.ActiveCfg = Debug|Any CPU
		{384EC43C-8D81-4BB0-92B4-924C07B46C5D}.Debug|Any CPU.Build.0 = Debug|Any CPU
		{384EC43C-8D81-4BB0-92B4-924C07B46C5D}.Release|Any CPU.ActiveCfg = Release|Any CPU
		{384EC43C-8D81-4BB0-92B4-924C07B46C5D}.Release|Any CPU.Build.0 = Release|Any CPU
		{929B24B7-8EF4-4BCE-8A22-2E53DEC5EA8D}.Debug|Any CPU.ActiveCfg = Debug|Any CPU
		{929B24B7-8EF4-4BCE-8A22-2E53DEC5EA8D}.Debug|Any CPU.Build.0 = Debug|Any CPU
		{929B24B7-8EF4-4BCE-8A22-2E53DEC5EA8D}.Release|Any CPU.ActiveCfg = Release|Any CPU
		{929B24B7-8EF4-4BCE-8A22-2E53DEC5EA8D}.Release|Any CPU.Build.0 = Release|Any CPU
		{C4BCF6B3-F764-426C-A457-A241B0ACB951}.Debug|Any CPU.ActiveCfg = Debug|Any CPU
		{C4BCF6B3-F764-426C-A457-A241B0ACB951}.Debug|Any CPU.Build.0 = Debug|Any CPU
		{C4BCF6B3-F764-426C-A457-A241B0ACB951}.Release|Any CPU.ActiveCfg = Release|Any CPU
		{C4BCF6B3-F764-426C-A457-A241B0ACB951}.Release|Any CPU.Build.0 = Release|Any CPU
	EndGlobalSection
	GlobalSection(SolutionProperties) = preSolution
		HideSolutionNode = FALSE
	EndGlobalSection
	GlobalSection(NestedProjects) = preSolution
		{297B3D0C-65E8-4286-9D2E-8F73AA22DA15} = {A49413D9-AA21-4542-9A58-B5640CD72A8E}
		{6850B2F7-86BC-42B4-900B-BEEE3183C470} = {297B3D0C-65E8-4286-9D2E-8F73AA22DA15}
		{5B061713-3C99-4BCE-B07E-7E47E95E8DB6} = {A49413D9-AA21-4542-9A58-B5640CD72A8E}
		{408ABD65-3F9E-436A-99BF-9A93DD18DF0D} = {5B061713-3C99-4BCE-B07E-7E47E95E8DB6}
		{D57FF4D0-8C4D-4BE5-8F48-1388277D24B3} = {A49413D9-AA21-4542-9A58-B5640CD72A8E}
		{BD1D71CB-F861-43D9-B5EB-18785EB9B787} = {D57FF4D0-8C4D-4BE5-8F48-1388277D24B3}
		{402E38CE-DFA4-4497-8BD8-8020A2F10258} = {A49413D9-AA21-4542-9A58-B5640CD72A8E}
		{D7BFEC77-A327-42FB-B923-D29998FA95D3} = {402E38CE-DFA4-4497-8BD8-8020A2F10258}
		{03C83B27-A270-467B-8B9E-1C04B545563F} = {402E38CE-DFA4-4497-8BD8-8020A2F10258}
		{40597518-3850-4116-B8D9-40F485345B02} = {402E38CE-DFA4-4497-8BD8-8020A2F10258}
		{DB82A0E2-CF46-4BFB-A7ED-E7A5D94D932E} = {402E38CE-DFA4-4497-8BD8-8020A2F10258}
		{929B24B7-8EF4-4BCE-8A22-2E53DEC5EA8D} = {46810172-DA86-435E-9C0D-275EA97AA269}
		{CFB927C8-C13E-4E6D-92E9-CA3D9C842398} = {A49413D9-AA21-4542-9A58-B5640CD72A8E}
		{C4BCF6B3-F764-426C-A457-A241B0ACB951} = {CFB927C8-C13E-4E6D-92E9-CA3D9C842398}
	EndGlobalSection
	GlobalSection(ExtensibilityGlobals) = postSolution
		SolutionGuid = {4DA69F04-409F-430A-8AB7-A2B1432D4056}
	EndGlobalSection
EndGlobal
